GEM
  remote: http://rubygems.org/
  specs:
    actioncable (6.0.0.rc1)
      actionpack (= 6.0.0.rc1)
      nio4r (~> 2.0)
      websocket-driver (>= 0.6.1)
    actionmailbox (6.0.0.rc1)
      actionpack (= 6.0.0.rc1)
      activejob (= 6.0.0.rc1)
      activerecord (= 6.0.0.rc1)
      activestorage (= 6.0.0.rc1)
      activesupport (= 6.0.0.rc1)
      mail (>= 2.7.1)
    actionmailer (6.0.0.rc1)
      actionpack (= 6.0.0.rc1)
      actionview (= 6.0.0.rc1)
      activejob (= 6.0.0.rc1)
      mail (~> 2.5, >= 2.5.4)
      rails-dom-testing (~> 2.0)
    actionpack (6.0.0.rc1)
      actionview (= 6.0.0.rc1)
      activesupport (= 6.0.0.rc1)
      rack (~> 2.0)
      rack-test (>= 0.6.3)
      rails-dom-testing (~> 2.0)
      rails-html-sanitizer (~> 1.0, >= 1.0.2)
    actiontext (6.0.0.rc1)
      actionpack (= 6.0.0.rc1)
      activerecord (= 6.0.0.rc1)
      activestorage (= 6.0.0.rc1)
      activesupport (= 6.0.0.rc1)
      nokogiri (>= 1.8.5)
    actionview (6.0.0.rc1)
      activesupport (= 6.0.0.rc1)
      builder (~> 3.1)
      erubi (~> 1.4)
      rails-dom-testing (~> 2.0)
      rails-html-sanitizer (~> 1.0, >= 1.0.3)
    activejob (6.0.0.rc1)
      activesupport (= 6.0.0.rc1)
      globalid (>= 0.3.6)
    activemodel (6.0.0.rc1)
      activesupport (= 6.0.0.rc1)
    activerecord (6.0.0.rc1)
      activemodel (= 6.0.0.rc1)
      activesupport (= 6.0.0.rc1)
    activestorage (6.0.0.rc1)
      actionpack (= 6.0.0.rc1)
      activejob (= 6.0.0.rc1)
      activerecord (= 6.0.0.rc1)
      marcel (~> 0.3.1)
    activesupport (6.0.0.rc1)
      concurrent-ruby (~> 1.0, >= 1.0.2)
      i18n (>= 0.7, < 2)
      minitest (~> 5.1)
      tzinfo (~> 1.1)
      zeitwerk (~> 2.1, >= 2.1.4)
    acts_as_api (1.0.1)
      activemodel (>= 3.0.0)
      activesupport (>= 3.0.0)
      rack (>= 1.1.0)
    addressable (2.6.0)
      public_suffix (>= 2.0.2, < 4.0)
    administrate (0.11.0)
      actionpack (>= 4.2, < 6.0)
      actionview (>= 4.2, < 6.0)
      activerecord (>= 4.2, < 6.0)
      autoprefixer-rails (>= 6.0)
      datetime_picker_rails (~> 0.0.7)
      jquery-rails (>= 4.0)
      kaminari (>= 1.0)
      momentjs-rails (~> 2.8)
      sass-rails (~> 5.0)
      selectize-rails (~> 0.6)
    ansi (1.5.0)
    ast (2.4.0)
    autoprefixer-rails (9.5.1)
      execjs
    bindex (0.7.0)
    bootstrap (4.3.1)
      autoprefixer-rails (>= 9.1.0)
      popper_js (>= 1.14.3, < 2)
      sassc-rails (>= 2.0.0)
    builder (3.2.3)
    byebug (11.0.1)
    concurrent-ruby (1.1.5)
    connection_pool (2.2.1)
    crass (1.0.4)
    dalli (2.7.10)
    datetime_picker_rails (0.0.7)
      momentjs-rails (>= 2.8.1)
    decent_exposure (3.0.2)
      activesupport (>= 4.0)
    diff-lcs (1.3)
    dotenv (2.7.5)
    dotenv-rails (2.7.5)
      dotenv (= 2.7.5)
      railties (>= 3.2, < 6.1)
    dry-initializer (2.3.0)
    erubi (1.8.0)
    ethon (0.11.0)
      ffi (>= 1.3.0)
    exception_notification (4.4.0)
      actionmailer (>= 4.0, < 7)
      activesupport (>= 4.0, < 7)
    execjs (2.7.0)
    factory_bot (5.0.2)
      activesupport (>= 4.2.0)
    factory_bot_rails (5.0.2)
      factory_bot (~> 5.0.2)
      railties (>= 4.2.0)
    faker (1.9.6)
      i18n (>= 0.7)
    faraday (0.15.4)
      multipart-post (>= 1.2, < 3)
    ffi (1.9.25)
    font-awesome-rails (4.7.0.5)
      railties (>= 3.2, < 6.1)
    geocoder (1.5.1)
    globalid (0.4.2)
      activesupport (>= 4.2.0)
    hashie (3.6.0)
    i18n (1.6.0)
      concurrent-ruby (~> 1.0)
    image_info (1.1.2)
      image_size
      typhoeus
    image_size (1.5.0)
    iso8601 (0.9.1)
    jquery-rails (4.3.3)
      rails-dom-testing (>= 1, < 3)
      railties (>= 4.2.0)
      thor (>= 0.14, < 2.0)
    json (2.1.0)
    jwt (2.2.1)
    kaminari (1.1.1)
      activesupport (>= 4.1.0)
      kaminari-actionview (= 1.1.1)
      kaminari-activerecord (= 1.1.1)
      kaminari-core (= 1.1.1)
    kaminari-actionview (1.1.1)
      actionview
      kaminari-core (= 1.1.1)
    kaminari-activerecord (1.1.1)
      activerecord
      kaminari-core (= 1.1.1)
    kaminari-core (1.1.1)
    kgio (2.11.2)
    launchy (2.4.3)
      addressable (~> 2.3)
    letter_opener (1.7.0)
      launchy (~> 2.2)
    link_thumbnailer (3.3.2)
      activesupport (>= 3.0)
      image_info (>= 1.0)
      json (>= 1.7.7)
      net-http-persistent (>= 2.9)
      nokogiri (>= 1.6)
      rake (>= 0.9)
      video_info (>= 2.6)
    listen (3.1.5)
      rb-fsevent (~> 0.9, >= 0.9.4)
      rb-inotify (~> 0.9, >= 0.9.7)
      ruby_dep (~> 1.2)
    localer (0.1.1)
      dry-initializer (~> 2.3.0)
      thor (~> 0.20.0)
    lograge (0.11.2)
      actionpack (>= 4)
      activesupport (>= 4)
      railties (>= 4)
      request_store (~> 1.0)
    loofah (2.2.3)
      crass (~> 1.0.2)
      nokogiri (>= 1.5.9)
    mail (2.7.1)
      mini_mime (>= 0.1.1)
    marcel (0.3.3)
      mimemagic (~> 0.3.2)
    method_source (0.9.2)
    mimemagic (0.3.3)
    mini_mime (1.0.2)
    mini_portile2 (2.4.0)
    minitest (5.11.3)
    momentjs-rails (2.20.1)
      railties (>= 3.1)
    multi_json (1.13.1)
    multi_xml (0.6.0)
    multipart-post (2.1.1)
    net-http-persistent (3.0.0)
      connection_pool (~> 2.2)
    net_http_timeout_errors (0.3.0)
    nio4r (2.4.0)
    nokogiri (1.10.4)
      mini_portile2 (~> 2.4.0)
    oauth (0.5.4)
    oauth2 (1.4.1)
      faraday (>= 0.8, < 0.16.0)
      jwt (>= 1.0, < 3.0)
      multi_json (~> 1.3)
      multi_xml (~> 0.5)
      rack (>= 1.2, < 3)
    oga (2.14)
      ast
      ruby-ll (~> 2.1)
    omniauth (1.9.0)
      hashie (>= 3.4.6, < 3.7.0)
      rack (>= 1.6.2, < 3)
    omniauth-github (1.3.0)
      omniauth (~> 1.5)
      omniauth-oauth2 (>= 1.4.0, < 2.0)
    omniauth-google-oauth2 (0.8.0)
      jwt (>= 2.0)
      omniauth (>= 1.1.1)
      omniauth-oauth2 (>= 1.6)
    omniauth-oauth (1.1.0)
      oauth
      omniauth (~> 1.0)
    omniauth-oauth2 (1.6.0)
      oauth2 (~> 1.1)
      omniauth (~> 1.9)
    omniauth-twitter (1.4.0)
      omniauth-oauth (~> 1.1)
      rack
    partially_useful (6.0.0)
      railties (>= 4.1)
    pg (1.1.4)
    popper_js (1.14.5)
    public_suffix (3.1.0)
    puma (4.1.0)
      nio4r (~> 2.0)
    rack (2.0.7)
    rack-cache (1.9.0)
      rack (>= 0.4)
    rack-test (1.1.0)
      rack (>= 1.0, < 3)
    rails (6.0.0.rc1)
      actioncable (= 6.0.0.rc1)
      actionmailbox (= 6.0.0.rc1)
      actionmailer (= 6.0.0.rc1)
      actionpack (= 6.0.0.rc1)
      actiontext (= 6.0.0.rc1)
      actionview (= 6.0.0.rc1)
      activejob (= 6.0.0.rc1)
      activemodel (= 6.0.0.rc1)
      activerecord (= 6.0.0.rc1)
      activestorage (= 6.0.0.rc1)
      activesupport (= 6.0.0.rc1)
      bundler (>= 1.3.0)
      railties (= 6.0.0.rc1)
      sprockets-rails (>= 2.0.0)
    rails-controller-testing (1.0.4)
      actionpack (>= 5.0.1.x)
      actionview (>= 5.0.1.x)
      activesupport (>= 5.0.1.x)
    rails-dom-testing (2.0.3)
      activesupport (>= 4.2.0)
      nokogiri (>= 1.6)
    rails-html-sanitizer (1.2.0)
      loofah (~> 2.2, >= 2.2.2)
    rails_12factor (0.0.3)
      rails_serve_static_assets
      rails_stdout_logging
    rails_serve_static_assets (0.0.5)
    rails_stdout_logging (0.0.5)
    railties (6.0.0.rc1)
      actionpack (= 6.0.0.rc1)
      activesupport (= 6.0.0.rc1)
      method_source
      rake (>= 0.8.7)
      thor (>= 0.20.3, < 2.0)
    rake (12.3.3)
    rb-fsevent (0.10.3)
    rb-inotify (0.9.10)
      ffi (>= 0.5.0, < 2)
    redcarpet (3.5.0)
    request_store (1.4.1)
      rack (>= 1.4)
    ri_cal (0.8.8)
    rspec-collection_matchers (1.1.3)
      rspec-expectations (>= 2.99.0.beta1)
    rspec-core (3.8.0)
      rspec-support (~> 3.8.0)
    rspec-expectations (3.8.3)
      diff-lcs (>= 1.2.0, < 2.0)
      rspec-support (~> 3.8.0)
    rspec-mocks (3.8.0)
      diff-lcs (>= 1.2.0, < 2.0)
      rspec-support (~> 3.8.0)
    rspec-rails (4.0.0.beta2)
      actionpack (>= 4.2)
      activesupport (>= 4.2)
      railties (>= 4.2)
      rspec-core (~> 3.8)
      rspec-expectations (~> 3.8)
      rspec-mocks (~> 3.8)
      rspec-support (~> 3.8)
    rspec-support (3.8.0)
    ruby-ll (2.1.2)
      ansi
      ast
    ruby_dep (1.5.0)
    sass (3.7.4)
      sass-listen (~> 4.0.0)
    sass-listen (4.0.0)
      rb-fsevent (~> 0.9, >= 0.9.4)
      rb-inotify (~> 0.9, >= 0.9.7)
    sass-rails (5.0.7)
      railties (>= 4.0.0, < 6)
      sass (~> 3.1)
      sprockets (>= 2.8, < 4.0)
      sprockets-rails (>= 2.0, < 4.0)
      tilt (>= 1.1, < 3)
    sassc (2.0.1)
      ffi (~> 1.9)
      rake
    sassc-rails (2.1.1)
      railties (>= 4.0.0)
      sassc (>= 2.0)
      sprockets (> 3.0)
      sprockets-rails
      tilt
    selectize-rails (0.12.6)
    simple_form (4.1.0)
      actionpack (>= 5.0)
      activemodel (>= 5.0)
    slim (4.0.1)
      temple (>= 0.7.6, < 0.9)
      tilt (>= 2.0.6, < 2.1)
    slim-rails (3.2.0)
      actionpack (>= 3.1)
      railties (>= 3.1)
      slim (>= 3.0, < 5.0)
    sprockets (3.7.2)
      concurrent-ruby (~> 1.0)
      rack (> 1, < 3)
    sprockets-rails (3.2.1)
      actionpack (>= 4.0)
      activesupport (>= 4.0)
      sprockets (>= 3.0.0)
    temple (0.8.1)
    thor (0.20.3)
    thread_safe (0.3.6)
    tilt (2.0.9)
    typhoeus (1.3.0)
      ethon (>= 0.9.0)
    tzinfo (1.2.5)
      thread_safe (~> 0.1)
    uglifier (4.1.20)
      execjs (>= 0.3.0, < 3)
    validate_url (1.0.8)
      activemodel (>= 3.0.0)
      public_suffix
    video_info (2.7)
      iso8601 (~> 0.9.1)
      net_http_timeout_errors (~> 0.3.0)
      oga (~> 2.7)
    web-console (4.0.0)
      actionview (>= 6.0.0.a)
      activemodel (>= 6.0.0.a)
      bindex (>= 0.4.0)
      railties (>= 6.0.0.a)
    websocket-driver (0.7.0)
      websocket-extensions (>= 0.1.0)
    websocket-extensions (0.1.3)
    whitelabel (0.3.0)
    zeitwerk (2.1.9)

PLATFORMS
  ruby

DEPENDENCIES
  acts_as_api
  addressable
  administrate
  bootstrap
  byebug
  dalli (~> 2.7.10)
  decent_exposure
  dotenv-rails
  exception_notification
  factory_bot_rails
  faker
  font-awesome-rails
  geocoder
  kaminari
  kgio (~> 2.11.1)
  letter_opener
  link_thumbnailer
  listen
  localer
  lograge (~> 0.11.0)
  omniauth
  omniauth-github
  omniauth-google-oauth2
  omniauth-twitter
  partially_useful
  pg (= 1.1.4)
  public_suffix
  puma
  rack-cache
  rails (= 6.0.0.rc1)
  rails-controller-testing
  rails_12factor (~> 0.0.2)
  redcarpet
  ri_cal
  rspec-collection_matchers
  rspec-rails (>= 3.9.0.pre)
  sass-rails
  simple_form
  slim-rails
  uglifier
  validate_url
  web-console
  whitelabel

RUBY VERSION
   ruby 2.5.3p105

BUNDLED WITH
   1.17.2
