# THIS IS AN AUTOGENERATED FILE. DO NOT EDIT THIS FILE DIRECTLY.
# yarn lockfile v1


jquery-ujs@^1.2.3:
  version "1.2.3"
  resolved "https://registry.yarnpkg.com/jquery-ujs/-/jquery-ujs-1.2.3.tgz#dcac6026ab7268e5ee41faf9d31c997cd4ddd603"
  integrity sha512-59wvfx5vcCTHMeQT1/OwFiAj+UffLIwjRIoXdpO7Z7BCFGepzq9T9oLVeoItjTqjoXfUrHJvV7QU6pUR+UzOoA==
