# THIS IS AN AUTOGENERATED FILE. DO NOT EDIT THIS FILE DIRECTLY.
# yarn lockfile v1


jquery-ujs@^1.2.2:
  version "1.2.2"
  resolved "https://registry.yarnpkg.com/jquery-ujs/-/jquery-ujs-1.2.2.tgz#6a8ef1020e6b6dda385b90a4bddc128c21c56397"
  integrity sha1-ao7xAg5rbdo4W5CkvdwSjCHFY5c=
  dependencies:
    jquery ">=1.8.0"

jquery@>=1.8.0:
  version "3.4.0"
  resolved "https://registry.yarnpkg.com/jquery/-/jquery-3.4.0.tgz#8de513fa0fa4b2c7d2e48a530e26f0596936efdf"
  integrity sha512-ggRCXln9zEqv6OqAGXFEcshF5dSBvCkzj6Gm2gzuR5fWawaX8t7cxKVkkygKODrDAzKdoYw3l/e3pm3vlT4IbQ==
