# This file is generated by running "yarn install" inside your project.
# Manual changes might be lost - proceed with caution!

__metadata:
  version: 10
  cacheKey: 10c0

"jquery-ujs@npm:^1.2.3":
  version: 1.2.3
  resolution: "jquery-ujs@npm:1.2.3"
  peerDependencies:
    jquery: ">=1.8.0"
  checksum: 10c0/3ae70de58496e9df65c3939464ebc449648bdd8078bbf5b9df1f32536e9d7482337a2e1de79bc9e7511ee7c3ef04ed8d5228f9344c1f52673bc32f0a5bd0d90f
  languageName: node
  linkType: hard

"on_ruby@workspace:.":
  version: 0.0.0-use.local
  resolution: "on_ruby@workspace:."
  dependencies:
    jquery-ujs: "npm:^1.2.3"
  languageName: unknown
  linkType: soft
